
Microsoft Visual Studio Solution File, Format Version 12.00
# Visual Studio Version 17
VisualStudioVersion = 17.0.31903.59
MinimumVisualStudioVersion = 10.0.40219.1
Project("{2150E333-8FDC-42A3-9474-1A3956D46DE8}") = "src", "src", "{827E0CD3-B72D-47B6-A68D-7590B98EB39B}"
EndProject
Project("{FAE04EC0-301F-11D3-BF4B-00C04F79EFBC}") = "EduTrack.Domain", "src\EduTrack.Domain\EduTrack.Domain.csproj", "{658300D1-4920-4E13-9646-A36067944D2B}"
EndProject
Project("{FAE04EC0-301F-11D3-BF4B-00C04F79EFBC}") = "EduTrack.Application", "src\EduTrack.Application\EduTrack.Application.csproj", "{0E27D62B-B130-4C0A-9879-EF9155C60649}"
EndProject
Project("{FAE04EC0-301F-11D3-BF4B-00C04F79EFBC}") = "EduTrack.Infrastructure", "src\EduTrack.Infrastructure\EduTrack.Infrastructure.csproj", "{A717DDFE-E7A6-44E2-9A7B-E788C623B6C8}"
EndProject
Project("{FAE04EC0-301F-11D3-BF4B-00C04F79EFBC}") = "EduTrack.Persistence", "src\EduTrack.Persistence\EduTrack.Persistence.csproj", "{9A8C0C80-7019-4432-8C82-6FC2A0545FD9}"
EndProject
Project("{FAE04EC0-301F-11D3-BF4B-00C04F79EFBC}") = "EduTrack.Api", "src\EduTrack.Api\EduTrack.Api.csproj", "{8ED90FCD-7117-430B-8EB5-F4720CDDECA8}"
EndProject
Project("{2150E333-8FDC-42A3-9474-1A3956D46DE8}") = "tests", "tests", "{0AB3BF05-4346-4AA6-1389-037BE0695223}"
EndProject
Project("{FAE04EC0-301F-11D3-BF4B-00C04F79EFBC}") = "EduTrack.UnitTests", "tests\EduTrack.UnitTests\EduTrack.UnitTests.csproj", "{9C3BF525-E1B5-4D28-AE7D-D4246E39BF4E}"
EndProject
Project("{FAE04EC0-301F-11D3-BF4B-00C04F79EFBC}") = "EduTrack.IntegrationTests", "tests\EduTrack.IntegrationTests\EduTrack.IntegrationTests.csproj", "{39D4A0C8-00A8-48DA-B5C6-FDF56167AEA2}"
EndProject
Global
	GlobalSection(SolutionConfigurationPlatforms) = preSolution
		Debug|Any CPU = Debug|Any CPU
		Debug|x64 = Debug|x64
		Debug|x86 = Debug|x86
		Release|Any CPU = Release|Any CPU
		Release|x64 = Release|x64
		Release|x86 = Release|x86
	EndGlobalSection
	GlobalSection(ProjectConfigurationPlatforms) = postSolution
		{658300D1-4920-4E13-9646-A36067944D2B}.Debug|Any CPU.ActiveCfg = Debug|Any CPU
		{658300D1-4920-4E13-9646-A36067944D2B}.Debug|Any CPU.Build.0 = Debug|Any CPU
		{658300D1-4920-4E13-9646-A36067944D2B}.Debug|x64.ActiveCfg = Debug|Any CPU
		{658300D1-4920-4E13-9646-A36067944D2B}.Debug|x64.Build.0 = Debug|Any CPU
		{658300D1-4920-4E13-9646-A36067944D2B}.Debug|x86.ActiveCfg = Debug|Any CPU
		{658300D1-4920-4E13-9646-A36067944D2B}.Debug|x86.Build.0 = Debug|Any CPU
		{658300D1-4920-4E13-9646-A36067944D2B}.Release|Any CPU.ActiveCfg = Release|Any CPU
		{658300D1-4920-4E13-9646-A36067944D2B}.Release|Any CPU.Build.0 = Release|Any CPU
		{658300D1-4920-4E13-9646-A36067944D2B}.Release|x64.ActiveCfg = Release|Any CPU
		{658300D1-4920-4E13-9646-A36067944D2B}.Release|x64.Build.0 = Release|Any CPU
		{658300D1-4920-4E13-9646-A36067944D2B}.Release|x86.ActiveCfg = Release|Any CPU
		{658300D1-4920-4E13-9646-A36067944D2B}.Release|x86.Build.0 = Release|Any CPU
		{0E27D62B-B130-4C0A-9879-EF9155C60649}.Debug|Any CPU.ActiveCfg = Debug|Any CPU
		{0E27D62B-B130-4C0A-9879-EF9155C60649}.Debug|Any CPU.Build.0 = Debug|Any CPU
		{0E27D62B-B130-4C0A-9879-EF9155C60649}.Debug|x64.ActiveCfg = Debug|Any CPU
		{0E27D62B-B130-4C0A-9879-EF9155C60649}.Debug|x64.Build.0 = Debug|Any CPU
		{0E27D62B-B130-4C0A-9879-EF9155C60649}.Debug|x86.ActiveCfg = Debug|Any CPU
		{0E27D62B-B130-4C0A-9879-EF9155C60649}.Debug|x86.Build.0 = Debug|Any CPU
		{0E27D62B-B130-4C0A-9879-EF9155C60649}.Release|Any CPU.ActiveCfg = Release|Any CPU
		{0E27D62B-B130-4C0A-9879-EF9155C60649}.Release|Any CPU.Build.0 = Release|Any CPU
		{0E27D62B-B130-4C0A-9879-EF9155C60649}.Release|x64.ActiveCfg = Release|Any CPU
		{0E27D62B-B130-4C0A-9879-EF9155C60649}.Release|x64.Build.0 = Release|Any CPU
		{0E27D62B-B130-4C0A-9879-EF9155C60649}.Release|x86.ActiveCfg = Release|Any CPU
		{0E27D62B-B130-4C0A-9879-EF9155C60649}.Release|x86.Build.0 = Release|Any CPU
		{A717DDFE-E7A6-44E2-9A7B-E788C623B6C8}.Debug|Any CPU.ActiveCfg = Debug|Any CPU
		{A717DDFE-E7A6-44E2-9A7B-E788C623B6C8}.Debug|Any CPU.Build.0 = Debug|Any CPU
		{A717DDFE-E7A6-44E2-9A7B-E788C623B6C8}.Debug|x64.ActiveCfg = Debug|Any CPU
		{A717DDFE-E7A6-44E2-9A7B-E788C623B6C8}.Debug|x64.Build.0 = Debug|Any CPU
		{A717DDFE-E7A6-44E2-9A7B-E788C623B6C8}.Debug|x86.ActiveCfg = Debug|Any CPU
		{A717DDFE-E7A6-44E2-9A7B-E788C623B6C8}.Debug|x86.Build.0 = Debug|Any CPU
		{A717DDFE-E7A6-44E2-9A7B-E788C623B6C8}.Release|Any CPU.ActiveCfg = Release|Any CPU
		{A717DDFE-E7A6-44E2-9A7B-E788C623B6C8}.Release|Any CPU.Build.0 = Release|Any CPU
		{A717DDFE-E7A6-44E2-9A7B-E788C623B6C8}.Release|x64.ActiveCfg = Release|Any CPU
		{A717DDFE-E7A6-44E2-9A7B-E788C623B6C8}.Release|x64.Build.0 = Release|Any CPU
		{A717DDFE-E7A6-44E2-9A7B-E788C623B6C8}.Release|x86.ActiveCfg = Release|Any CPU
		{A717DDFE-E7A6-44E2-9A7B-E788C623B6C8}.Release|x86.Build.0 = Release|Any CPU
		{9A8C0C80-7019-4432-8C82-6FC2A0545FD9}.Debug|Any CPU.ActiveCfg = Debug|Any CPU
		{9A8C0C80-7019-4432-8C82-6FC2A0545FD9}.Debug|Any CPU.Build.0 = Debug|Any CPU
		{9A8C0C80-7019-4432-8C82-6FC2A0545FD9}.Debug|x64.ActiveCfg = Debug|Any CPU
		{9A8C0C80-7019-4432-8C82-6FC2A0545FD9}.Debug|x64.Build.0 = Debug|Any CPU
		{9A8C0C80-7019-4432-8C82-6FC2A0545FD9}.Debug|x86.ActiveCfg = Debug|Any CPU
		{9A8C0C80-7019-4432-8C82-6FC2A0545FD9}.Debug|x86.Build.0 = Debug|Any CPU
		{9A8C0C80-7019-4432-8C82-6FC2A0545FD9}.Release|Any CPU.ActiveCfg = Release|Any CPU
		{9A8C0C80-7019-4432-8C82-6FC2A0545FD9}.Release|Any CPU.Build.0 = Release|Any CPU
		{9A8C0C80-7019-4432-8C82-6FC2A0545FD9}.Release|x64.ActiveCfg = Release|Any CPU
		{9A8C0C80-7019-4432-8C82-6FC2A0545FD9}.Release|x64.Build.0 = Release|Any CPU
		{9A8C0C80-7019-4432-8C82-6FC2A0545FD9}.Release|x86.ActiveCfg = Release|Any CPU
		{9A8C0C80-7019-4432-8C82-6FC2A0545FD9}.Release|x86.Build.0 = Release|Any CPU
		{8ED90FCD-7117-430B-8EB5-F4720CDDECA8}.Debug|Any CPU.ActiveCfg = Debug|Any CPU
		{8ED90FCD-7117-430B-8EB5-F4720CDDECA8}.Debug|Any CPU.Build.0 = Debug|Any CPU
		{8ED90FCD-7117-430B-8EB5-F4720CDDECA8}.Debug|x64.ActiveCfg = Debug|Any CPU
		{8ED90FCD-7117-430B-8EB5-F4720CDDECA8}.Debug|x64.Build.0 = Debug|Any CPU
		{8ED90FCD-7117-430B-8EB5-F4720CDDECA8}.Debug|x86.ActiveCfg = Debug|Any CPU
		{8ED90FCD-7117-430B-8EB5-F4720CDDECA8}.Debug|x86.Build.0 = Debug|Any CPU
		{8ED90FCD-7117-430B-8EB5-F4720CDDECA8}.Release|Any CPU.ActiveCfg = Release|Any CPU
		{8ED90FCD-7117-430B-8EB5-F4720CDDECA8}.Release|Any CPU.Build.0 = Release|Any CPU
		{8ED90FCD-7117-430B-8EB5-F4720CDDECA8}.Release|x64.ActiveCfg = Release|Any CPU
		{8ED90FCD-7117-430B-8EB5-F4720CDDECA8}.Release|x64.Build.0 = Release|Any CPU
		{8ED90FCD-7117-430B-8EB5-F4720CDDECA8}.Release|x86.ActiveCfg = Release|Any CPU
		{8ED90FCD-7117-430B-8EB5-F4720CDDECA8}.Release|x86.Build.0 = Release|Any CPU
		{9C3BF525-E1B5-4D28-AE7D-D4246E39BF4E}.Debug|Any CPU.ActiveCfg = Debug|Any CPU
		{9C3BF525-E1B5-4D28-AE7D-D4246E39BF4E}.Debug|Any CPU.Build.0 = Debug|Any CPU
		{9C3BF525-E1B5-4D28-AE7D-D4246E39BF4E}.Debug|x64.ActiveCfg = Debug|Any CPU
		{9C3BF525-E1B5-4D28-AE7D-D4246E39BF4E}.Debug|x64.Build.0 = Debug|Any CPU
		{9C3BF525-E1B5-4D28-AE7D-D4246E39BF4E}.Debug|x86.ActiveCfg = Debug|Any CPU
		{9C3BF525-E1B5-4D28-AE7D-D4246E39BF4E}.Debug|x86.Build.0 = Debug|Any CPU
		{9C3BF525-E1B5-4D28-AE7D-D4246E39BF4E}.Release|Any CPU.ActiveCfg = Release|Any CPU
		{9C3BF525-E1B5-4D28-AE7D-D4246E39BF4E}.Release|Any CPU.Build.0 = Release|Any CPU
		{9C3BF525-E1B5-4D28-AE7D-D4246E39BF4E}.Release|x64.ActiveCfg = Release|Any CPU
		{9C3BF525-E1B5-4D28-AE7D-D4246E39BF4E}.Release|x64.Build.0 = Release|Any CPU
		{9C3BF525-E1B5-4D28-AE7D-D4246E39BF4E}.Release|x86.ActiveCfg = Release|Any CPU
		{9C3BF525-E1B5-4D28-AE7D-D4246E39BF4E}.Release|x86.Build.0 = Release|Any CPU
		{39D4A0C8-00A8-48DA-B5C6-FDF56167AEA2}.Debug|Any CPU.ActiveCfg = Debug|Any CPU
		{39D4A0C8-00A8-48DA-B5C6-FDF56167AEA2}.Debug|Any CPU.Build.0 = Debug|Any CPU
		{39D4A0C8-00A8-48DA-B5C6-FDF56167AEA2}.Debug|x64.ActiveCfg = Debug|Any CPU
		{39D4A0C8-00A8-48DA-B5C6-FDF56167AEA2}.Debug|x64.Build.0 = Debug|Any CPU
		{39D4A0C8-00A8-48DA-B5C6-FDF56167AEA2}.Debug|x86.ActiveCfg = Debug|Any CPU
		{39D4A0C8-00A8-48DA-B5C6-FDF56167AEA2}.Debug|x86.Build.0 = Debug|Any CPU
		{39D4A0C8-00A8-48DA-B5C6-FDF56167AEA2}.Release|Any CPU.ActiveCfg = Release|Any CPU
		{39D4A0C8-00A8-48DA-B5C6-FDF56167AEA2}.Release|Any CPU.Build.0 = Release|Any CPU
		{39D4A0C8-00A8-48DA-B5C6-FDF56167AEA2}.Release|x64.ActiveCfg = Release|Any CPU
		{39D4A0C8-00A8-48DA-B5C6-FDF56167AEA2}.Release|x64.Build.0 = Release|Any CPU
		{39D4A0C8-00A8-48DA-B5C6-FDF56167AEA2}.Release|x86.ActiveCfg = Release|Any CPU
		{39D4A0C8-00A8-48DA-B5C6-FDF56167AEA2}.Release|x86.Build.0 = Release|Any CPU
	EndGlobalSection
	GlobalSection(SolutionProperties) = preSolution
		HideSolutionNode = FALSE
	EndGlobalSection
	GlobalSection(NestedProjects) = preSolution
		{658300D1-4920-4E13-9646-A36067944D2B} = {827E0CD3-B72D-47B6-A68D-7590B98EB39B}
		{0E27D62B-B130-4C0A-9879-EF9155C60649} = {827E0CD3-B72D-47B6-A68D-7590B98EB39B}
		{A717DDFE-E7A6-44E2-9A7B-E788C623B6C8} = {827E0CD3-B72D-47B6-A68D-7590B98EB39B}
		{9A8C0C80-7019-4432-8C82-6FC2A0545FD9} = {827E0CD3-B72D-47B6-A68D-7590B98EB39B}
		{8ED90FCD-7117-430B-8EB5-F4720CDDECA8} = {827E0CD3-B72D-47B6-A68D-7590B98EB39B}
		{9C3BF525-E1B5-4D28-AE7D-D4246E39BF4E} = {0AB3BF05-4346-4AA6-1389-037BE0695223}
		{39D4A0C8-00A8-48DA-B5C6-FDF56167AEA2} = {0AB3BF05-4346-4AA6-1389-037BE0695223}
	EndGlobalSection
EndGlobal
